
Microsoft Visual Studio Solution File, Format Version 12.00
# Visual Studio 15
VisualStudioVersion = 15.0.28307.329
MinimumVisualStudioVersion = 10.0.40219.1
Project("{FAE04EC0-301F-11D3-BF4B-00C04F79EFBC}") = "ClassAndMethodsExercise111", "ClassAndMethodsExercise111\ClassAndMethodsExercise111.csproj", "{0A1FCB1C-35F7-48EE-9746-872437CD4FC1}"
EndProject
Global
	GlobalSection(SolutionConfigurationPlatforms) = preSolution
		Debug|Any CPU = Debug|Any CPU
		Release|Any CPU = Release|Any CPU
	EndGlobalSection
	GlobalSection(ProjectConfigurationPlatforms) = postSolution
		{0A1FCB1C-35F7-48EE-9746-872437CD4FC1}.Debug|Any CPU.ActiveCfg = Debug|Any CPU
		{0A1FCB1C-35F7-48EE-9746-872437CD4FC1}.Debug|Any CPU.Build.0 = Debug|Any CPU
		{0A1FCB1C-35F7-48EE-9746-872437CD4FC1}.Release|Any CPU.ActiveCfg = Release|Any CPU
		{0A1FCB1C-35F7-48EE-9746-872437CD4FC1}.Release|Any CPU.Build.0 = Release|Any CPU
	EndGlobalSection
	GlobalSection(SolutionProperties) = preSolution
		HideSolutionNode = FALSE
	EndGlobalSection
	GlobalSection(ExtensibilityGlobals) = postSolution
		SolutionGuid = {91FEB86E-07CF-427B-8F8F-20BAC01E514E}
	EndGlobalSection
EndGlobal
