
Microsoft Visual Studio Solution File, Format Version 12.00
# Visual Studio 15
VisualStudioVersion = 15.0.28307.329
MinimumVisualStudioVersion = 10.0.40219.1
Project("{FAE04EC0-301F-11D3-BF4B-00C04F79EFBC}") = "StructExercise137", "StructExercise137\StructExercise137.csproj", "{C8F6C9DA-77D1-4422-8BE3-B700F694B6A3}"
EndProject
Global
	GlobalSection(SolutionConfigurationPlatforms) = preSolution
		Debug|Any CPU = Debug|Any CPU
		Release|Any CPU = Release|Any CPU
	EndGlobalSection
	GlobalSection(ProjectConfigurationPlatforms) = postSolution
		{C8F6C9DA-77D1-4422-8BE3-B700F694B6A3}.Debug|Any CPU.ActiveCfg = Debug|Any CPU
		{C8F6C9DA-77D1-4422-8BE3-B700F694B6A3}.Debug|Any CPU.Build.0 = Debug|Any CPU
		{C8F6C9DA-77D1-4422-8BE3-B700F694B6A3}.Release|Any CPU.ActiveCfg = Release|Any CPU
		{C8F6C9DA-77D1-4422-8BE3-B700F694B6A3}.Release|Any CPU.Build.0 = Release|Any CPU
	EndGlobalSection
	GlobalSection(SolutionProperties) = preSolution
		HideSolutionNode = FALSE
	EndGlobalSection
	GlobalSection(ExtensibilityGlobals) = postSolution
		SolutionGuid = {2DF6BFF5-3AD0-46D1-9FC3-6BEFE4FF5683}
	EndGlobalSection
EndGlobal
