
Microsoft Visual Studio Solution File, Format Version 12.00
# Visual Studio 15
VisualStudioVersion = 15.0.28307.329
MinimumVisualStudioVersion = 10.0.40219.1
Project("{FAE04EC0-301F-11D3-BF4B-00C04F79EFBC}") = "ClassAndMethodsExercise115", "ClassAndMethodsExercise115\ClassAndMethodsExercise115.csproj", "{AB589B7E-0F10-43B9-B332-5A23449138FE}"
EndProject
Global
	GlobalSection(SolutionConfigurationPlatforms) = preSolution
		Debug|Any CPU = Debug|Any CPU
		Release|Any CPU = Release|Any CPU
	EndGlobalSection
	GlobalSection(ProjectConfigurationPlatforms) = postSolution
		{AB589B7E-0F10-43B9-B332-5A23449138FE}.Debug|Any CPU.ActiveCfg = Debug|Any CPU
		{AB589B7E-0F10-43B9-B332-5A23449138FE}.Debug|Any CPU.Build.0 = Debug|Any CPU
		{AB589B7E-0F10-43B9-B332-5A23449138FE}.Release|Any CPU.ActiveCfg = Release|Any CPU
		{AB589B7E-0F10-43B9-B332-5A23449138FE}.Release|Any CPU.Build.0 = Release|Any CPU
	EndGlobalSection
	GlobalSection(SolutionProperties) = preSolution
		HideSolutionNode = FALSE
	EndGlobalSection
	GlobalSection(ExtensibilityGlobals) = postSolution
		SolutionGuid = {497E1753-FE6E-413D-8A68-224C97C03333}
	EndGlobalSection
EndGlobal
