
Microsoft Visual Studio Solution File, Format Version 12.00
# Visual Studio 15
VisualStudioVersion = 15.0.28307.329
MinimumVisualStudioVersion = 10.0.40219.1
Project("{FAE04EC0-301F-11D3-BF4B-00C04F79EFBC}") = "StringFunctions", "StringFunctions\StringFunctions.csproj", "{2533ED86-799E-479A-8FB1-2219099DF0AC}"
EndProject
Global
	GlobalSection(SolutionConfigurationPlatforms) = preSolution
		Debug|Any CPU = Debug|Any CPU
		Release|Any CPU = Release|Any CPU
	EndGlobalSection
	GlobalSection(ProjectConfigurationPlatforms) = postSolution
		{2533ED86-799E-479A-8FB1-2219099DF0AC}.Debug|Any CPU.ActiveCfg = Debug|Any CPU
		{2533ED86-799E-479A-8FB1-2219099DF0AC}.Debug|Any CPU.Build.0 = Debug|Any CPU
		{2533ED86-799E-479A-8FB1-2219099DF0AC}.Release|Any CPU.ActiveCfg = Release|Any CPU
		{2533ED86-799E-479A-8FB1-2219099DF0AC}.Release|Any CPU.Build.0 = Release|Any CPU
	EndGlobalSection
	GlobalSection(SolutionProperties) = preSolution
		HideSolutionNode = FALSE
	EndGlobalSection
	GlobalSection(ExtensibilityGlobals) = postSolution
		SolutionGuid = {0CC0C0ED-0AA1-4568-B9F0-C23AD4031A4F}
	EndGlobalSection
EndGlobal
